github.com/larsartmann/go-error-family v0.11.0 h1:xqXLKrTMznStmHUapxd/6Fj5/878sb4SIZiy4JvCItQ=
github.com/larsartmann/go-error-family v0.11.0/go.mod h1:CAzjAVWjAFDUXEaaRqIgjW28i/NrQ07OsE9Dffhx29c=
github.com/larsartmann/go-etag/entitytag v0.6.0 h1:YM7Jl93ibYjBClycH/+hcLgna+KaZicyD2lWIRsbiyg=
github.com/larsartmann/go-etag/entitytag v0.6.0/go.mod h1:g9FENLhssbRTfvSJ2WfKKToNMYngm+W9k6C3NutO9Ok=
github.com/larsartmann/go-etag/server v0.6.0 h1:ohPi9d1AtSy4ByonsQc+bOl6uih8y3rBG1hmJ1QgI2I=
github.com/larsartmann/go-etag/server v0.6.0/go.mod h1:Pu6KzmjZuF3kVUkAfVUfpIOVfgT61oPt3XHgAIQ99ls=
